
Microsoft Visual Studio Solution File, Format Version 12.00
# Visual Studio 2012
Project("{FAE04EC0-301F-11D3-BF4B-00C04F79EFBC}") = "Oracle.ManagedDataAccess.EntityFramework", "Oracle.ManagedDataAccess.EntityFramework.csproj", "{733DDC1A-6A67-4A46-8718-F27877C0774E}"
EndProject
Global
	GlobalSection(SolutionConfigurationPlatforms) = preSolution
		Debug|Any CPU = Debug|Any CPU
		Release|Any CPU = Release|Any CPU
	EndGlobalSection
	GlobalSection(ProjectConfigurationPlatforms) = postSolution
		{733DDC1A-6A67-4A46-8718-F27877C0774E}.Debug|Any CPU.ActiveCfg = Debug|Any CPU
		{733DDC1A-6A67-4A46-8718-F27877C0774E}.Debug|Any CPU.Build.0 = Debug|Any CPU
		{733DDC1A-6A67-4A46-8718-F27877C0774E}.Release|Any CPU.ActiveCfg = Release|Any CPU
		{733DDC1A-6A67-4A46-8718-F27877C0774E}.Release|Any CPU.Build.0 = Release|Any CPU
	EndGlobalSection
	GlobalSection(SolutionProperties) = preSolution
		HideSolutionNode = FALSE
	EndGlobalSection
EndGlobal
